golang.org/x/sys v0.47.0 h1:o7XGOvZQCADBQQ4Y7VNq2dRWQR7JmOUW8Kxx4ZsNgWs=
golang.org/x/sys v0.47.0/go.mod h1:4GL1E5IUh+htKOUEOaiffhrAeqysfVGipDYzABqnCmw=
golang.org/x/term v0.45.0 h1:NwWyBmoJCbfTHpxrWoZ9C6/VxOf7ic219I8xZZFdrf0=
golang.org/x/term v0.45.0/go.mod h1:9aqxs0blBcrm/n0L9QW0aRVD+ktan8ssZromtqJC43w=
webtyp.com/await v0.1.1 h1:FL8SEwiPH+Fnbrn+c2hxFp9mzO8r63PN73xBgxH64tI=
webtyp.com/await v0.1.1/go.mod h1:BR7plUmeCOeOvQULgc+99NwSAgWeA+AHADzJsRyTHrg=
webtyp.com/base64 v0.0.6 h1:Tkr9Y/s3RLa6yuatk5Tdwdc90NhDP6pNYO1HQG9iIHM=
webtyp.com/base64 v0.0.6/go.mod h1:wH2ocJ0rKbTo34XLsDryH9STDu0Jm2gQXasjh5wDwEw=
webtyp.com/command v0.0.3 h1:XFniP+K9ZIUdmUswqDqIjy6H0kq25z1qwCDRj6CMb3Y=
webtyp.com/command v0.0.3/go.mod h1:MArpg+zHCL+Z/P6ziobR7/8i06DxM3XAJzEQAOgRjgM=
webtyp.com/context v0.0.23 h1:T+lH+UteRAPD6gLH8oxW0TBr5aZlJwgfIpmnA4DdFSY=
webtyp.com/context v0.0.23/go.mod h1:SXtpX0NmsG9zoL9B2uYVPy0ZfmXl0C1zyjQkYmuz38Q=
webtyp.com/dbus v0.1.1 h1:JWHoXKwpMIDtPunf3Wfvx+BBEZROCw7Izmg74CXv7cg=
webtyp.com/dbus v0.1.1/go.mod h1:3eqxlJCF9tMB7q3c9mI2bd4oLjGwuI3cuysRWiwStvo=
webtyp.com/fetch v0.1.28 h1:Tb8NUBp/5tLWI22U0lg/YPrR1hJtR05a8VUC5UrXyns=
webtyp.com/fetch v0.1.28/go.mod h1:ZX35mkKiyfjnJE9Ix9N+IT1ebFRTLm2fKbU0+eZ2XlA=
webtyp.com/fmt v1.0.0 h1:W0vMMGC6ezg1q2LarAEaVnNvZ26hVqzZdQQH1wcNogM=
webtyp.com/fmt v1.0.0/go.mod h1:FmTxx713R45J21kbH5JOmKGaaCap3fJPA9Yl2n4Ch7U=
webtyp.com/ghaction v0.1.2 h1:ma48qGmXp5GbNBBSm0z8dzpTXbKYk9yNQGxa5hoha7A=
webtyp.com/ghaction v0.1.2/go.mod h1:5v4qwJ9+KfhW793fuWz/TYstl+5AMu3QQPgW1j2LiVY=
webtyp.com/git v0.0.8 h1:Ws2EvqhDTEt6yEUz/fxd2RuTcL5eyeI8uhdqadJg6AY=
webtyp.com/git v0.0.8/go.mod h1:hCVzE+FmI08uE/vTOimnZT3JA6APEgdKFdF91PtmLs4=
webtyp.com/gorelease v0.1.2 h1:QqIqZpNn3Tfq5EB/+23VMGOQXp0R+qUqpPhsriVRe4w=
webtyp.com/gorelease v0.1.2/go.mod h1:YMGzN58SNo8PXc/XjwADcQBL5Als5/qQENdKOIU2EnE=
webtyp.com/gorun v0.0.25 h1:tpA4zSUs+qn8kE6KqRt0jHLYGQXAsSVWbnwwmIovBMM=
webtyp.com/gorun v0.0.25/go.mod h1:gXkivl03OJ0KjvhOI1s+TWyAJiAG6+7QXrbIqRN/A4o=
webtyp.com/json v0.5.25 h1:f/JUsrtFGq4Sa/UGYI0lWHyY83V+r0li+Q89s3DkqZs=
webtyp.com/json v0.5.25/go.mod h1:KdFRztDe6ZwGP/ih0DR8grO72ru9h1DjZcG1UU5fRrM=
webtyp.com/keyring v0.2.4 h1:h9hFsGd1Q6UGL8yJr4/m74+gwys9LwahqcP9njbS/xQ=
webtyp.com/keyring v0.2.4/go.mod h1:+jm7vYeo5N2jyURROgbREIYAuHPZoJmuEnP0piEbRF0=
webtyp.com/markdown v0.0.3 h1:O1HLBX2x5nCMIhNLjJBosq1/TaH6a8+NleAGsQPwVYQ=
webtyp.com/markdown v0.0.3/go.mod h1:5YsOi4xH3RlqustRqDz9LjppIVGyp5WNtxlrguWDUTg=
webtyp.com/mcp v0.2.21 h1:c7VPUdtnVzHYM1qWgKnCx9XanWvxWqvb0fRryCYhmuw=
webtyp.com/mcp v0.2.21/go.mod h1:9Wo9DLzo61466JVLnn/3MPFYvPu54OhAIcjuszLZ+/0=
webtyp.com/model v0.1.8 h1:E8btSBmISbH1UHEUEmbrxCRWcX8zv08VvdRgWSAq894=
webtyp.com/model v0.1.8/go.mod h1:OkyYeE3GOG8eAQGhd9wVsORAhr+xYj3q8avpoGXG25c=
webtyp.com/router v0.1.35 h1:6FYeWopnvHcjwa1Ve7ZW4wyGcClaThyJWM1WUp7EqyU=
webtyp.com/router v0.1.35/go.mod h1:kLFuWaeLtgZhRbfhzn+KRQuuLGa3OMVZbG4+hB3gAsI=
webtyp.com/time v0.5.5 h1:G7/eAGXJWVHBJqx7lO4K/Zy1FzNXqkW9X6AAhbTmj6E=
webtyp.com/time v0.5.5/go.mod h1:V6ew493Rk+an2mV77vVjytPAbtlsELVZ4O4wGqu4tUI=
webtyp.com/unixid v0.2.28 h1:uIZb9zRLQtR4BOsBtJfyI2OcYklCeo1nrRaGqzVXQ9s=
webtyp.com/unixid v0.2.28/go.mod h1:/3O8fu/eCARIrnT6WMu9MpLsAXKdfnVI3s35+m/CbY4=
webtyp.com/webauthn v0.1.3 h1:u++sm66yMnPGgg+snhONyGITyA+5wpytwX4l8+dzq1E=
webtyp.com/webauthn v0.1.3/go.mod h1:afaloi6/LOb23qy6dqqLzzsuOZgSd+6D3q8TGL53ALw=
webtyp.com/wizard v0.0.29 h1:26GtTu3fO50/VWbnKoSWx/eAcpb9P80/ze9zsi7b3bI=
webtyp.com/wizard v0.0.29/go.mod h1:QzHavJ+JVwbERgeDAKvjj4r8o37VP8b9rz8hcuXwhN8=
